github.com/dave/jennifer v1.6.1 h1:T4T/67t6RAA5AIV6+NP8Uk/BIsXgDoqEowgycdQQLuk=
github.com/dave/jennifer v1.6.1/go.mod h1:nXbxhEmQfOZhWml3D1cDK5M1FLnMSozpbFN/m3RmGZc=
github.com/dominikbraun/graph v0.20.0 h1:a/ReB8JqcIhpo9yx31V1W+OwRnak4lo7QFsj17kpe6c=
github.com/dominikbraun/graph v0.20.0/go.mod h1:yOjYyogZLY1LSG9E33JWZJiq5k83Qy2C6POAuiViluc=
github.com/iancoleman/strcase v0.2.0 h1:05I4QRnGpI0m37iZQRuskXh+w77mr6Z41lwQzuHLwW0=
github.com/iancoleman/strcase v0.2.0/go.mod h1:iwCmte+B7n89clKwxIoIXy/HfoL7AsD47ZCWhYzw7ho=
